// !$*UTF8*$!
{
	archiveVersion = 1;
	classes = {
	};
	objectVersion = 55;
	objects = {

/* Begin PBXBuildFile section */
		CB0473AD2855B1AF00C8D305 /* AppDelegate.swift in Sources */ = {isa = PBXBuildFile; fileRef = CB0473AC2855B1AF00C8D305 /* AppDelegate.swift */; };
		CB0473AF2855B1AF00C8D305 /* SceneDelegate.swift in Sources */ = {isa = PBXBuildFile; fileRef = CB0473AE2855B1AF00C8D305 /* SceneDelegate.swift */; };
		CB0473B12855B1AF00C8D305 /* ViewController.swift in Sources */ = {isa = PBXBuildFile; fileRef = CB0473B02855B1AF00C8D305 /* ViewController.swift */; };
		CB0473B42855B1AF00C8D305 /* Main.storyboard in Resources */ = {isa = PBXBuildFile; fileRef = CB0473B22855B1AF00C8D305 /* Main.storyboard */; };
		CB0473B72855B1AF00C8D305 /* Smokeless_playground.xcdatamodeld in Sources */ = {isa = PBXBuildFile; fileRef = CB0473B52855B1AF00C8D305 /* Smokeless_playground.xcdatamodeld */; };
		CB0473B92855B1B100C8D305 /* Assets.xcassets in Resources */ = {isa = PBXBuildFile; fileRef = CB0473B82855B1B100C8D305 /* Assets.xcassets */; };
		CB0473BC2855B1B100C8D305 /* LaunchScreen.storyboard in Resources */ = {isa = PBXBuildFile; fileRef = CB0473BA2855B1B100C8D305 /* LaunchScreen.storyboard */; };
/* End PBXBuildFile section */

/* Begin PBXFileReference section */
		CB0473A92855B1AF00C8D305 /* Smokeless-playground.app */ = {isa = PBXFileReference; explicitFileType = wrapper.application; includeInIndex = 0; path = "Smokeless-playground.app"; sourceTree = BUILT_PRODUCTS_DIR; };
		CB0473AC2855B1AF00C8D305 /* AppDelegate.swift */ = {isa = PBXFileReference; lastKnownFileType = sourcecode.swift; path = AppDelegate.swift; sourceTree = "<group>"; };
		CB0473AE2855B1AF00C8D305 /* SceneDelegate.swift */ = {isa = PBXFileReference; lastKnownFileType = sourcecode.swift; path = SceneDelegate.swift; sourceTree = "<group>"; };
		CB0473B02855B1AF00C8D305 /* ViewController.swift */ = {isa = PBXFileReference; lastKnownFileType = sourcecode.swift; path = ViewController.swift; sourceTree = "<group>"; };
		CB0473B32855B1AF00C8D305 /* Base */ = {isa = PBXFileReference; lastKnownFileType = file.storyboard; name = Base; path = Base.lproj/Main.storyboard; sourceTree = "<group>"; };
		CB0473B62855B1AF00C8D305 /* Smokeless_playground.xcdatamodel */ = {isa = PBXFileReference; lastKnownFileType = wrapper.xcdatamodel; path = Smokeless_playground.xcdatamodel; sourceTree = "<group>"; };
		CB0473B82855B1B100C8D305 /* Assets.xcassets */ = {isa = PBXFileReference; lastKnownFileType = folder.assetcatalog; path = Assets.xcassets; sourceTree = "<group>"; };
		CB0473BB2855B1B100C8D305 /* Base */ = {isa = PBXFileReference; lastKnownFileType = file.storyboard; name = Base; path = Base.lproj/LaunchScreen.storyboard; sourceTree = "<group>"; };
		CB0473BD2855B1B100C8D305 /* Info.plist */ = {isa = PBXFileReference; lastKnownFileType = text.plist.xml; path = Info.plist; sourceTree = "<group>"; };
/* End PBXFileReference section */

/* Begin PBXFrameworksBuildPhase section */
		CB0473A62855B1AF00C8D305 /* Frameworks */ = {
			isa = PBXFrameworksBuildPhase;
			buildActionMask = 2147483647;
			files = (
			);
			runOnlyForDeploymentPostprocessing = 0;
		};
/* End PBXFrameworksBuildPhase section */

/* Begin PBXGroup section */
		CB0473A02855B1AF00C8D305 = {
			isa = PBXGroup;
			children = (
				CB0473AB2855B1AF00C8D305 /* Smokeless-playground */,
				CB0473AA2855B1AF00C8D305 /* Products */,
			);
			sourceTree = "<group>";
		};
		CB0473AA2855B1AF00C8D305 /* Products */ = {
			isa = PBXGroup;
			children = (
				CB0473A92855B1AF00C8D305 /* Smokeless-playground.app */,
			);
			name = Products;
			sourceTree = "<group>";
		};
		CB0473AB2855B1AF00C8D305 /* Smokeless-playground */ = {
			isa = PBXGroup;
			children = (
				CB0473AC2855B1AF00C8D305 /* AppDelegate.swift */,
				CB0473AE2855B1AF00C8D305 /* SceneDelegate.swift */,
				CB0473B02855B1AF00C8D305 /* ViewController.swift */,
				CB0473B22855B1AF00C8D305 /* Main.storyboard */,
				CB0473B82855B1B100C8D305 /* Assets.xcassets */,
				CB0473BA2855B1B100C8D305 /* LaunchScreen.storyboard */,
				CB0473BD2855B1B100C8D305 /* Info.plist */,
				CB0473B52855B1AF00C8D305 /* Smokeless_playground.xcdatamodeld */,
			);
			path = "Smokeless-playground";
			sourceTree = "<group>";
		};
/* End PBXGroup section */

/* Begin PBXNativeTarget section */
		CB0473A82855B1AF00C8D305 /* Smokeless-playground */ = {
			isa = PBXNativeTarget;
			buildConfigurationList = CB0473C02855B1B100C8D305 /* Build configuration list for PBXNativeTarget "Smokeless-playground" */;
			buildPhases = (
				CB0473A52855B1AF00C8D305 /* Sources */,
				CB0473A62855B1AF00C8D305 /* Frameworks */,
				CB0473A72855B1AF00C8D305 /* Resources */,
			);
			buildRules = (
			);
			dependencies = (
			);
			name = "Smokeless-playground";
			productName = "Smokeless-playground";
			productReference = CB0473A92855B1AF00C8D305 /* Smokeless-playground.app */;
			productType = "com.apple.product-type.application";
		};
/* End PBXNativeTarget section */

/* Begin PBXProject section */
		CB0473A12855B1AF00C8D305 /* Project object */ = {
			isa = PBXProject;
			attributes = {
				BuildIndependentTargetsInParallel = 1;
				LastSwiftUpdateCheck = 1330;
				LastUpgradeCheck = 1330;
				TargetAttributes = {
					CB0473A82855B1AF00C8D305 = {
						CreatedOnToolsVersion = 13.3.1;
					};
				};
			};
			buildConfigurationList = CB0473A42855B1AF00C8D305 /* Build configuration list for PBXProject "Smokeless-playground" */;
			compatibilityVersion = "Xcode 13.0";
			developmentRegion = en;
			hasScannedForEncodings = 0;
			knownRegions = (
				en,
				Base,
			);
			mainGroup = CB0473A02855B1AF00C8D305;
			productRefGroup = CB0473AA2855B1AF00C8D305 /* Products */;
			projectDirPath = "";
			projectRoot = "";
			targets = (
				CB0473A82855B1AF00C8D305 /* Smokeless-playground */,
			);
		};
/* End PBXProject section */

/* Begin PBXResourcesBuildPhase section */
		CB0473A72855B1AF00C8D305 /* Resources */ = {
			isa = PBXResourcesBuildPhase;
			buildActionMask = 2147483647;
			files = (
				CB0473BC2855B1B100C8D305 /* LaunchScreen.storyboard in Resources */,
				CB0473B92855B1B100C8D305 /* Assets.xcassets in Resources */,
				CB0473B42855B1AF00C8D305 /* Main.storyboard in Resources */,
			);
			runOnlyForDeploymentPostprocessing = 0;
		};
/* End PBXResourcesBuildPhase section */

/* Begin PBXSourcesBuildPhase section */
		CB0473A52855B1AF00C8D305 /* Sources */ = {
			isa = PBXSourcesBuildPhase;
			buildActionMask = 2147483647;
			files = (
				CB0473B12855B1AF00C8D305 /* ViewController.swift in Sources */,
				CB0473B72855B1AF00C8D305 /* Smokeless_playground.xcdatamodeld in Sources */,
				CB0473AD2855B1AF00C8D305 /* AppDelegate.swift in Sources */,
				CB0473AF2855B1AF00C8D305 /* SceneDelegate.swift in Sources */,
			);
			runOnlyForDeploymentPostprocessing = 0;
		};
/* End PBXSourcesBuildPhase section */

/* Begin PBXVariantGroup section */
		CB0473B22855B1AF00C8D305 /* Main.storyboard */ = {
			isa = PBXVariantGroup;
			children = (
				CB0473B32855B1AF00C8D305 /* Base */,
			);
			name = Main.storyboard;
			sourceTree = "<group>";
		};
		CB0473BA2855B1B100C8D305 /* LaunchScreen.storyboard */ = {
			isa = PBXVariantGroup;
			children = (
				CB0473BB2855B1B100C8D305 /* Base */,
			);
			name = LaunchScreen.storyboard;
			sourceTree = "<group>";
		};
/* End PBXVariantGroup section */

/* Begin XCBuildConfiguration section */
		CB0473BE2855B1B100C8D305 /* Debug */ = {
			isa = XCBuildConfiguration;
			buildSettings = {
				ALWAYS_SEARCH_USER_PATHS = NO;
				CLANG_ANALYZER_NONNULL = YES;
				CLANG_ANALYZER_NUMBER_OBJECT_CONVERSION = YES_AGGRESSIVE;
				CLANG_CXX_LANGUAGE_STANDARD = "gnu++17";
				CLANG_ENABLE_MODULES = YES;
				CLANG_ENABLE_OBJC_ARC = YES;
				CLANG_ENABLE_OBJC_WEAK = YES;
				CLANG_WARN_BLOCK_CAPTURE_AUTORELEASING = YES;
				CLANG_WARN_BOOL_CONVERSION = YES;
				CLANG_WARN_COMMA = YES;
				CLANG_WARN_CONSTANT_CONVERSION = YES;
				CLANG_WARN_DEPRECATED_OBJC_IMPLEMENTATIONS = YES;
				CLANG_WARN_DIRECT_OBJC_ISA_USAGE = YES_ERROR;
				CLANG_WARN_DOCUMENTATION_COMMENTS = YES;
				CLANG_WARN_EMPTY_BODY = YES;
				CLANG_WARN_ENUM_CONVERSION = YES;
				CLANG_WARN_INFINITE_RECURSION = YES;
				CLANG_WARN_INT_CONVERSION = YES;
				CLANG_WARN_NON_LITERAL_NULL_CONVERSION = YES;
				CLANG_WARN_OBJC_IMPLICIT_RETAIN_SELF = YES;
				CLANG_WARN_OBJC_LITERAL_CONVERSION = YES;
				CLANG_WARN_OBJC_ROOT_CLASS = YES_ERROR;
				CLANG_WARN_QUOTED_INCLUDE_IN_FRAMEWORK_HEADER = YES;
				CLANG_WARN_RANGE_LOOP_ANALYSIS = YES;
				CLANG_WARN_STRICT_PROTOTYPES = YES;
				CLANG_WARN_SUSPICIOUS_MOVE = YES;
				CLANG_WARN_UNGUARDED_AVAILABILITY = YES_AGGRESSIVE;
				CLANG_WARN_UNREACHABLE_CODE = YES;
				CLANG_WARN__DUPLICATE_METHOD_MATCH = YES;
				COPY_PHASE_STRIP = NO;
				DEBUG_INFORMATION_FORMAT = dwarf;
				ENABLE_STRICT_OBJC_MSGSEND = YES;
				ENABLE_TESTABILITY = YES;
				GCC_C_LANGUAGE_STANDARD = gnu11;
				GCC_DYNAMIC_NO_PIC = NO;
				GCC_NO_COMMON_BLOCKS = YES;
				GCC_OPTIMIZATION_LEVEL = 0;
				GCC_PREPROCESSOR_DEFINITIONS = (
					"DEBUG=1",
					"$(inherited)",
				);
				GCC_WARN_64_TO_32_BIT_CONVERSION = YES;
				GCC_WARN_ABOUT_RETURN_TYPE = YES_ERROR;
				GCC_WARN_UNDECLARED_SELECTOR = YES;
				GCC_WARN_UNINITIALIZED_AUTOS = YES_AGGRESSIVE;
				GCC_WARN_UNUSED_FUNCTION = YES;
				GCC_WARN_UNUSED_VARIABLE = YES;
				IPHONEOS_DEPLOYMENT_TARGET = 15.4;
				MTL_ENABLE_DEBUG_INFO = INCLUDE_SOURCE;
				MTL_FAST_MATH = YES;
				ONLY_ACTIVE_ARCH = YES;
				SDKROOT = iphoneos;
				SWIFT_ACTIVE_COMPILATION_CONDITIONS = DEBUG;
				SWIFT_OPTIMIZATION_LEVEL = "-Onone";
			};
			name = Debug;
		};
		CB0473BF2855B1B100C8D305 /* Release */ = {
			isa = XCBuildConfiguration;
			buildSettings = {
				ALWAYS_SEARCH_USER_PATHS = NO;
				CLANG_ANALYZER_NONNULL = YES;
				CLANG_ANALYZER_NUMBER_OBJECT_CONVERSION = YES_AGGRESSIVE;
				CLANG_CXX_LANGUAGE_STANDARD = "gnu++17";
				CLANG_ENABLE_MODULES = YES;
				CLANG_ENABLE_OBJC_ARC = YES;
				CLANG_ENABLE_OBJC_WEAK = YES;
				CLANG_WARN_BLOCK_CAPTURE_AUTORELEASING = YES;
				CLANG_WARN_BOOL_CONVERSION = YES;
				CLANG_WARN_COMMA = YES;
				CLANG_WARN_CONSTANT_CONVERSION = YES;
				CLANG_WARN_DEPRECATED_OBJC_IMPLEMENTATIONS = YES;
				CLANG_WARN_DIRECT_OBJC_ISA_USAGE = YES_ERROR;
				CLANG_WARN_DOCUMENTATION_COMMENTS = YES;
				CLANG_WARN_EMPTY_BODY = YES;
				CLANG_WARN_ENUM_CONVERSION = YES;
				CLANG_WARN_INFINITE_RECURSION = YES;
				CLANG_WARN_INT_CONVERSION = YES;
				CLANG_WARN_NON_LITERAL_NULL_CONVERSION = YES;
				CLANG_WARN_OBJC_IMPLICIT_RETAIN_SELF = YES;
				CLANG_WARN_OBJC_LITERAL_CONVERSION = YES;
				CLANG_WARN_OBJC_ROOT_CLASS = YES_ERROR;
				CLANG_WARN_QUOTED_INCLUDE_IN_FRAMEWORK_HEADER = YES;
				CLANG_WARN_RANGE_LOOP_ANALYSIS = YES;
				CLANG_WARN_STRICT_PROTOTYPES = YES;
				CLANG_WARN_SUSPICIOUS_MOVE = YES;
				CLANG_WARN_UNGUARDED_AVAILABILITY = YES_AGGRESSIVE;
				CLANG_WARN_UNREACHABLE_CODE = YES;
				CLANG_WARN__DUPLICATE_METHOD_MATCH = YES;
				COPY_PHASE_STRIP = NO;
				DEBUG_INFORMATION_FORMAT = "dwarf-with-dsym";
				ENABLE_NS_ASSERTIONS = NO;
				ENABLE_STRICT_OBJC_MSGSEND = YES;
				GCC_C_LANGUAGE_STANDARD = gnu11;
				GCC_NO_COMMON_BLOCKS = YES;
				GCC_WARN_64_TO_32_BIT_CONVERSION = YES;
				GCC_WARN_ABOUT_RETURN_TYPE = YES_ERROR;
				GCC_WARN_UNDECLARED_SELECTOR = YES;
				GCC_WARN_UNINITIALIZED_AUTOS = YES_AGGRESSIVE;
				GCC_WARN_UNUSED_FUNCTION = YES;
				GCC_WARN_UNUSED_VARIABLE = YES;
				IPHONEOS_DEPLOYMENT_TARGET = 15.4;
				MTL_ENABLE_DEBUG_INFO = NO;
				MTL_FAST_MATH = YES;
				SDKROOT = iphoneos;
				SWIFT_COMPILATION_MODE = wholemodule;
				SWIFT_OPTIMIZATION_LEVEL = "-O";
				VALIDATE_PRODUCT = YES;
			};
			name = Release;
		};
		CB0473C12855B1B100C8D305 /* Debug */ = {
			isa = XCBuildConfiguration;
			buildSettings = {
				ASSETCATALOG_COMPILER_APPICON_NAME = AppIcon;
				ASSETCATALOG_COMPILER_GLOBAL_ACCENT_COLOR_NAME = AccentColor;
				CODE_SIGN_STYLE = Automatic;
				CURRENT_PROJECT_VERSION = 1;
				DEVELOPMENT_TEAM = 2CYTFH24FS;
				GENERATE_INFOPLIST_FILE = YES;
				INFOPLIST_FILE = "Smokeless-playground/Info.plist";
				INFOPLIST_KEY_UIApplicationSupportsIndirectInputEvents = YES;
				INFOPLIST_KEY_UILaunchStoryboardName = LaunchScreen;
				INFOPLIST_KEY_UIMainStoryboardFile = Main;
				INFOPLIST_KEY_UISupportedInterfaceOrientations_iPad = "UIInterfaceOrientationPortrait UIInterfaceOrientationPortraitUpsideDown UIInterfaceOrientationLandscapeLeft UIInterfaceOrientationLandscapeRight";
				INFOPLIST_KEY_UISupportedInterfaceOrientations_iPhone = "UIInterfaceOrientationPortrait UIInterfaceOrientationLandscapeLeft UIInterfaceOrientationLandscapeRight";
				LD_RUNPATH_SEARCH_PATHS = (
					"$(inherited)",
					"@executable_path/Frameworks",
				);
				MARKETING_VERSION = 1.0;
				PRODUCT_BUNDLE_IDENTIFIER = "id.Smokeless-playground";
				PRODUCT_NAME = "$(TARGET_NAME)";
				SWIFT_EMIT_LOC_STRINGS = YES;
				SWIFT_VERSION = 5.0;
				TARGETED_DEVICE_FAMILY = "1,2";
			};
			name = Debug;
		};
		CB0473C22855B1B100C8D305 /* Release */ = {
			isa = XCBuildConfiguration;
			buildSettings = {
				ASSETCATALOG_COMPILER_APPICON_NAME = AppIcon;
				ASSETCATALOG_COMPILER_GLOBAL_ACCENT_COLOR_NAME = AccentColor;
				CODE_SIGN_STYLE = Automatic;
				CURRENT_PROJECT_VERSION = 1;
				DEVELOPMENT_TEAM = 2CYTFH24FS;
				GENERATE_INFOPLIST_FILE = YES;
				INFOPLIST_FILE = "Smokeless-playground/Info.plist";
				INFOPLIST_KEY_UIApplicationSupportsIndirectInputEvents = YES;
				INFOPLIST_KEY_UILaunchStoryboardName = LaunchScreen;
				INFOPLIST_KEY_UIMainStoryboardFile = Main;
				INFOPLIST_KEY_UISupportedInterfaceOrientations_iPad = "UIInterfaceOrientationPortrait UIInterfaceOrientationPortraitUpsideDown UIInterfaceOrientationLandscapeLeft UIInterfaceOrientationLandscapeRight";
				INFOPLIST_KEY_UISupportedInterfaceOrientations_iPhone = "UIInterfaceOrientationPortrait UIInterfaceOrientationLandscapeLeft UIInterfaceOrientationLandscapeRight";
				LD_RUNPATH_SEARCH_PATHS = (
					"$(inherited)",
					"@executable_path/Frameworks",
				);
				MARKETING_VERSION = 1.0;
				PRODUCT_BUNDLE_IDENTIFIER = "id.Smokeless-playground";
				PRODUCT_NAME = "$(TARGET_NAME)";
				SWIFT_EMIT_LOC_STRINGS = YES;
				SWIFT_VERSION = 5.0;
				TARGETED_DEVICE_FAMILY = "1,2";
			};
			name = Release;
		};
/* End XCBuildConfiguration section */

/* Begin XCConfigurationList section */
		CB0473A42855B1AF00C8D305 /* Build configuration list for PBXProject "Smokeless-playground" */ = {
			isa = XCConfigurationList;
			buildConfigurations = (
				CB0473BE2855B1B100C8D305 /* Debug */,
				CB0473BF2855B1B100C8D305 /* Release */,
			);
			defaultConfigurationIsVisible = 0;
			defaultConfigurationName = Release;
		};
		CB0473C02855B1B100C8D305 /* Build configuration list for PBXNativeTarget "Smokeless-playground" */ = {
			isa = XCConfigurationList;
			buildConfigurations = (
				CB0473C12855B1B100C8D305 /* Debug */,
				CB0473C22855B1B100C8D305 /* Release */,
			);
			defaultConfigurationIsVisible = 0;
			defaultConfigurationName = Release;
		};
/* End XCConfigurationList section */

/* Begin XCVersionGroup section */
		CB0473B52855B1AF00C8D305 /* Smokeless_playground.xcdatamodeld */ = {
			isa = XCVersionGroup;
			children = (
				CB0473B62855B1AF00C8D305 /* Smokeless_playground.xcdatamodel */,
			);
			currentVersion = CB0473B62855B1AF00C8D305 /* Smokeless_playground.xcdatamodel */;
			path = Smokeless_playground.xcdatamodeld;
			sourceTree = "<group>";
			versionGroupType = wrapper.xcdatamodel;
		};
/* End XCVersionGroup section */
	};
	rootObject = CB0473A12855B1AF00C8D305 /* Project object */;
}
